// !$*UTF8*$!
{
	archiveVersion = 1;
	classes = {
	};
	objectVersion = 46;
	objects = {

/* Begin PBXBuildFile section */
		97368D3E1CE12D15004D40E0 /* main.m in Sources */ = {isa = PBXBuildFile; fileRef = 97368D3D1CE12D15004D40E0 /* main.m */; };
		97368D411CE12D15004D40E0 /* AppDelegate.m in Sources */ = {isa = PBXBuildFile; fileRef = 97368D401CE12D15004D40E0 /* AppDelegate.m */; };
		97368D441CE12D16004D40E0 /* ViewController.m in Sources */ = {isa = PBXBuildFile; fileRef = 97368D431CE12D16004D40E0 /* ViewController.m */; };
		97368D471CE12D16004D40E0 /* Main.storyboard in Resources */ = {isa = PBXBuildFile; fileRef = 97368D451CE12D16004D40E0 /* Main.storyboard */; };
		97368D491CE12D16004D40E0 /* Assets.xcassets in Resources */ = {isa = PBXBuildFile; fileRef = 97368D481CE12D16004D40E0 /* Assets.xcassets */; };
		97368D4C1CE12D16004D40E0 /* LaunchScreen.storyboard in Resources */ = {isa = PBXBuildFile; fileRef = 97368D4A1CE12D16004D40E0 /* LaunchScreen.storyboard */; };
/* End PBXBuildFile section */

/* Begin PBXFileReference section */
		97368D391CE12D15004D40E0 /* TwoPlayerMathGame.app */ = {isa = PBXFileReference; explicitFileType = wrapper.application; includeInIndex = 0; path = TwoPlayerMathGame.app; sourceTree = BUILT_PRODUCTS_DIR; };
		97368D3D1CE12D15004D40E0 /* main.m */ = {isa = PBXFileReference; lastKnownFileType = sourcecode.c.objc; path = main.m; sourceTree = "<group>"; };
		97368D3F1CE12D15004D40E0 /* AppDelegate.h */ = {isa = PBXFileReference; lastKnownFileType = sourcecode.c.h; path = AppDelegate.h; sourceTree = "<group>"; };
		97368D401CE12D15004D40E0 /* AppDelegate.m */ = {isa = PBXFileReference; lastKnownFileType = sourcecode.c.objc; path = AppDelegate.m; sourceTree = "<group>"; };
		97368D421CE12D15004D40E0 /* ViewController.h */ = {isa = PBXFileReference; lastKnownFileType = sourcecode.c.h; path = ViewController.h; sourceTree = "<group>"; };
		97368D431CE12D16004D40E0 /* ViewController.m */ = {isa = PBXFileReference; lastKnownFileType = sourcecode.c.objc; path = ViewController.m; sourceTree = "<group>"; };
		97368D461CE12D16004D40E0 /* Base */ = {isa = PBXFileReference; lastKnownFileType = file.storyboard; name = Base; path = Base.lproj/Main.storyboard; sourceTree = "<group>"; };
		97368D481CE12D16004D40E0 /* Assets.xcassets */ = {isa = PBXFileReference; lastKnownFileType = folder.assetcatalog; path = Assets.xcassets; sourceTree = "<group>"; };
		97368D4B1CE12D16004D40E0 /* Base */ = {isa = PBXFileReference; lastKnownFileType = file.storyboard; name = Base; path = Base.lproj/LaunchScreen.storyboard; sourceTree = "<group>"; };
		97368D4D1CE12D16004D40E0 /* Info.plist */ = {isa = PBXFileReference; lastKnownFileType = text.plist.xml; path = Info.plist; sourceTree = "<group>"; };
/* End PBXFileReference section */

/* Begin PBXFrameworksBuildPhase section */
		97368D361CE12D15004D40E0 /* Frameworks */ = {
			isa = PBXFrameworksBuildPhase;
			buildActionMask = 2147483647;
			files = (
			);
			runOnlyForDeploymentPostprocessing = 0;
		};
/* End PBXFrameworksBuildPhase section */

/* Begin PBXGroup section */
		97368D301CE12D15004D40E0 = {
			isa = PBXGroup;
			children = (
				97368D3B1CE12D15004D40E0 /* TwoPlayerMathGame */,
				97368D3A1CE12D15004D40E0 /* Products */,
			);
			sourceTree = "<group>";
		};
		97368D3A1CE12D15004D40E0 /* Products */ = {
			isa = PBXGroup;
			children = (
				97368D391CE12D15004D40E0 /* TwoPlayerMathGame.app */,
			);
			name = Products;
			sourceTree = "<group>";
		};
		97368D3B1CE12D15004D40E0 /* TwoPlayerMathGame */ = {
			isa = PBXGroup;
			children = (
				97368D3F1CE12D15004D40E0 /* AppDelegate.h */,
				97368D401CE12D15004D40E0 /* AppDelegate.m */,
				97368D421CE12D15004D40E0 /* ViewController.h */,
				97368D431CE12D16004D40E0 /* ViewController.m */,
				97368D451CE12D16004D40E0 /* Main.storyboard */,
				97368D481CE12D16004D40E0 /* Assets.xcassets */,
				97368D4A1CE12D16004D40E0 /* LaunchScreen.storyboard */,
				97368D4D1CE12D16004D40E0 /* Info.plist */,
				97368D3C1CE12D15004D40E0 /* Supporting Files */,
			);
			path = TwoPlayerMathGame;
			sourceTree = "<group>";
		};
		97368D3C1CE12D15004D40E0 /* Supporting Files */ = {
			isa = PBXGroup;
			children = (
				97368D3D1CE12D15004D40E0 /* main.m */,
			);
			name = "Supporting Files";
			sourceTree = "<group>";
		};
/* End PBXGroup section */

/* Begin PBXNativeTarget section */
		97368D381CE12D15004D40E0 /* TwoPlayerMathGame */ = {
			isa = PBXNativeTarget;
			buildConfigurationList = 97368D501CE12D16004D40E0 /* Build configuration list for PBXNativeTarget "TwoPlayerMathGame" */;
			buildPhases = (
				97368D351CE12D15004D40E0 /* Sources */,
				97368D361CE12D15004D40E0 /* Frameworks */,
				97368D371CE12D15004D40E0 /* Resources */,
			);
			buildRules = (
			);
			dependencies = (
			);
			name = TwoPlayerMathGame;
			productName = TwoPlayerMathGame;
			productReference = 97368D391CE12D15004D40E0 /* TwoPlayerMathGame.app */;
			productType = "com.apple.product-type.application";
		};
/* End PBXNativeTarget section */

/* Begin PBXProject section */
		97368D311CE12D15004D40E0 /* Project object */ = {
			isa = PBXProject;
			attributes = {
				LastUpgradeCheck = 0730;
				ORGANIZATIONNAME = "Amer Justice";
				TargetAttributes = {
					97368D381CE12D15004D40E0 = {
						CreatedOnToolsVersion = 7.3;
					};
				};
			};
			buildConfigurationList = 97368D341CE12D15004D40E0 /* Build configuration list for PBXProject "TwoPlayerMathGame" */;
			compatibilityVersion = "Xcode 3.2";
			developmentRegion = English;
			hasScannedForEncodings = 0;
			knownRegions = (
				en,
				Base,
			);
			mainGroup = 97368D301CE12D15004D40E0;
			productRefGroup = 97368D3A1CE12D15004D40E0 /* Products */;
			projectDirPath = "";
			projectRoot = "";
			targets = (
				97368D381CE12D15004D40E0 /* TwoPlayerMathGame */,
			);
		};
/* End PBXProject section */

/* Begin PBXResourcesBuildPhase section */
		97368D371CE12D15004D40E0 /* Resources */ = {
			isa = PBXResourcesBuildPhase;
			buildActionMask = 2147483647;
			files = (
				97368D4C1CE12D16004D40E0 /* LaunchScreen.storyboard in Resources */,
				97368D491CE12D16004D40E0 /* Assets.xcassets in Resources */,
				97368D471CE12D16004D40E0 /* Main.storyboard in Resources */,
			);
			runOnlyForDeploymentPostprocessing = 0;
		};
/* End PBXResourcesBuildPhase section */

/* Begin PBXSourcesBuildPhase section */
		97368D351CE12D15004D40E0 /* Sources */ = {
			isa = PBXSourcesBuildPhase;
			buildActionMask = 2147483647;
			files = (
				97368D441CE12D16004D40E0 /* ViewController.m in Sources */,
				97368D411CE12D15004D40E0 /* AppDelegate.m in Sources */,
				97368D3E1CE12D15004D40E0 /* main.m in Sources */,
			);
			runOnlyForDeploymentPostprocessing = 0;
		};
/* End PBXSourcesBuildPhase section */

/* Begin PBXVariantGroup section */
		97368D451CE12D16004D40E0 /* Main.storyboard */ = {
			isa = PBXVariantGroup;
			children = (
				97368D461CE12D16004D40E0 /* Base */,
			);
			name = Main.storyboard;
			sourceTree = "<group>";
		};
		97368D4A1CE12D16004D40E0 /* LaunchScreen.storyboard */ = {
			isa = PBXVariantGroup;
			children = (
				97368D4B1CE12D16004D40E0 /* Base */,
			);
			name = LaunchScreen.storyboard;
			sourceTree = "<group>";
		};
/* End PBXVariantGroup section */

/* Begin XCBuildConfiguration section */
		97368D4E1CE12D16004D40E0 /* Debug */ = {
			isa = XCBuildConfiguration;
			buildSettings = {
				ALWAYS_SEARCH_USER_PATHS = NO;
				CLANG_ANALYZER_NONNULL = YES;
				CLANG_CXX_LANGUAGE_STANDARD = "gnu++0x";
				CLANG_CXX_LIBRARY = "libc++";
				CLANG_ENABLE_MODULES = YES;
				CLANG_ENABLE_OBJC_ARC = YES;
				CLANG_WARN_BOOL_CONVERSION = YES;
				CLANG_WARN_CONSTANT_CONVERSION = YES;
				CLANG_WARN_DIRECT_OBJC_ISA_USAGE = YES_ERROR;
				CLANG_WARN_EMPTY_BODY = YES;
				CLANG_WARN_ENUM_CONVERSION = YES;
				CLANG_WARN_INT_CONVERSION = YES;
				CLANG_WARN_OBJC_ROOT_CLASS = YES_ERROR;
				CLANG_WARN_UNREACHABLE_CODE = YES;
				CLANG_WARN__DUPLICATE_METHOD_MATCH = YES;
				"CODE_SIGN_IDENTITY[sdk=iphoneos*]" = "iPhone Developer";
				COPY_PHASE_STRIP = NO;
				DEBUG_INFORMATION_FORMAT = dwarf;
				ENABLE_STRICT_OBJC_MSGSEND = YES;
				ENABLE_TESTABILITY = YES;
				GCC_C_LANGUAGE_STANDARD = gnu99;
				GCC_DYNAMIC_NO_PIC = NO;
				GCC_NO_COMMON_BLOCKS = YES;
				GCC_OPTIMIZATION_LEVEL = 0;
				GCC_PREPROCESSOR_DEFINITIONS = (
					"DEBUG=1",
					"$(inherited)",
				);
				GCC_WARN_64_TO_32_BIT_CONVERSION = YES;
				GCC_WARN_ABOUT_RETURN_TYPE = YES_ERROR;
				GCC_WARN_UNDECLARED_SELECTOR = YES;
				GCC_WARN_UNINITIALIZED_AUTOS = YES_AGGRESSIVE;
				GCC_WARN_UNUSED_FUNCTION = YES;
				GCC_WARN_UNUSED_VARIABLE = YES;
				IPHONEOS_DEPLOYMENT_TARGET = 9.3;
				MTL_ENABLE_DEBUG_INFO = YES;
				ONLY_ACTIVE_ARCH = YES;
				SDKROOT = iphoneos;
			};
			name = Debug;
		};
		97368D4F1CE12D16004D40E0 /* Release */ = {
			isa = XCBuildConfiguration;
			buildSettings = {
				ALWAYS_SEARCH_USER_PATHS = NO;
				CLANG_ANALYZER_NONNULL = YES;
				CLANG_CXX_LANGUAGE_STANDARD = "gnu++0x";
				CLANG_CXX_LIBRARY = "libc++";
				CLANG_ENABLE_MODULES = YES;
				CLANG_ENABLE_OBJC_ARC = YES;
				CLANG_WARN_BOOL_CONVERSION = YES;
				CLANG_WARN_CONSTANT_CONVERSION = YES;
				CLANG_WARN_DIRECT_OBJC_ISA_USAGE = YES_ERROR;
				CLANG_WARN_EMPTY_BODY = YES;
				CLANG_WARN_ENUM_CONVERSION = YES;
				CLANG_WARN_INT_CONVERSION = YES;
				CLANG_WARN_OBJC_ROOT_CLASS = YES_ERROR;
				CLANG_WARN_UNREACHABLE_CODE = YES;
				CLANG_WARN__DUPLICATE_METHOD_MATCH = YES;
				"CODE_SIGN_IDENTITY[sdk=iphoneos*]" = "iPhone Developer";
				COPY_PHASE_STRIP = NO;
				DEBUG_INFORMATION_FORMAT = "dwarf-with-dsym";
				ENABLE_NS_ASSERTIONS = NO;
				ENABLE_STRICT_OBJC_MSGSEND = YES;
				GCC_C_LANGUAGE_STANDARD = gnu99;
				GCC_NO_COMMON_BLOCKS = YES;
				GCC_WARN_64_TO_32_BIT_CONVERSION = YES;
				GCC_WARN_ABOUT_RETURN_TYPE = YES_ERROR;
				GCC_WARN_UNDECLARED_SELECTOR = YES;
				GCC_WARN_UNINITIALIZED_AUTOS = YES_AGGRESSIVE;
				GCC_WARN_UNUSED_FUNCTION = YES;
				GCC_WARN_UNUSED_VARIABLE = YES;
				IPHONEOS_DEPLOYMENT_TARGET = 9.3;
				MTL_ENABLE_DEBUG_INFO = NO;
				SDKROOT = iphoneos;
				VALIDATE_PRODUCT = YES;
			};
			name = Release;
		};
		97368D511CE12D16004D40E0 /* Debug */ = {
			isa = XCBuildConfiguration;
			buildSettings = {
				ASSETCATALOG_COMPILER_APPICON_NAME = AppIcon;
				INFOPLIST_FILE = TwoPlayerMathGame/Info.plist;
				LD_RUNPATH_SEARCH_PATHS = "$(inherited) @executable_path/Frameworks";
				PRODUCT_BUNDLE_IDENTIFIER = amerjustice.TwoPlayerMathGame;
				PRODUCT_NAME = "$(TARGET_NAME)";
			};
			name = Debug;
		};
		97368D521CE12D16004D40E0 /* Release */ = {
			isa = XCBuildConfiguration;
			buildSettings = {
				ASSETCATALOG_COMPILER_APPICON_NAME = AppIcon;
				INFOPLIST_FILE = TwoPlayerMathGame/Info.plist;
				LD_RUNPATH_SEARCH_PATHS = "$(inherited) @executable_path/Frameworks";
				PRODUCT_BUNDLE_IDENTIFIER = amerjustice.TwoPlayerMathGame;
				PRODUCT_NAME = "$(TARGET_NAME)";
			};
			name = Release;
		};
/* End XCBuildConfiguration section */

/* Begin XCConfigurationList section */
		97368D341CE12D15004D40E0 /* Build configuration list for PBXProject "TwoPlayerMathGame" */ = {
			isa = XCConfigurationList;
			buildConfigurations = (
				97368D4E1CE12D16004D40E0 /* Debug */,
				97368D4F1CE12D16004D40E0 /* Release */,
			);
			defaultConfigurationIsVisible = 0;
			defaultConfigurationName = Release;
		};
		97368D501CE12D16004D40E0 /* Build configuration list for PBXNativeTarget "TwoPlayerMathGame" */ = {
			isa = XCConfigurationList;
			buildConfigurations = (
				97368D511CE12D16004D40E0 /* Debug */,
				97368D521CE12D16004D40E0 /* Release */,
			);
			defaultConfigurationIsVisible = 0;
		};
/* End XCConfigurationList section */
	};
	rootObject = 97368D311CE12D15004D40E0 /* Project object */;
}
